
Microsoft Visual Studio Solution File, Format Version 12.00
# Visual Studio Version 16
VisualStudioVersion = 16.0.31112.23
MinimumVisualStudioVersion = 10.0.40219.1
Project("{9A19103F-16F7-4668-BE54-9A1E7A4F7556}") = "todo.api", "todo.api\todo.api.csproj", "{D0E064E1-E264-4EFD-896F-11A392C3DE9E}"
EndProject
Project("{9A19103F-16F7-4668-BE54-9A1E7A4F7556}") = "todo.domain", "todo.domain\todo.domain.csproj", "{BDA86116-FE83-46D4-83D7-49CC2EC7591F}"
EndProject
Project("{9A19103F-16F7-4668-BE54-9A1E7A4F7556}") = "todo.infrastructure.shared", "todo.building.blocks\todo.infrastructure.shared.csproj", "{65BF5AA8-0879-486F-8F48-11CB717DE861}"
EndProject
Project("{9A19103F-16F7-4668-BE54-9A1E7A4F7556}") = "todo.infrastructure.persistence", "todo.repositories\todo.infrastructure.persistence.csproj", "{59739F63-89D4-4BA3-BFAD-87D1F4AD9E2B}"
EndProject
Project("{2150E333-8FDC-42A3-9474-1A3956D46DE8}") = "Presentation", "Presentation", "{C4F44953-5B42-46C8-9977-C5708EA5174C}"
EndProject
Project("{2150E333-8FDC-42A3-9474-1A3956D46DE8}") = "Infrastructure", "Infrastructure", "{1A0060F3-126B-4369-83AE-E9C3BBA8E6A8}"
EndProject
Project("{2150E333-8FDC-42A3-9474-1A3956D46DE8}") = "Core", "Core", "{078DB38C-E557-431A-B5A2-C05F96663D17}"
EndProject
Project("{9A19103F-16F7-4668-BE54-9A1E7A4F7556}") = "todo.identity", "todo.identity\todo.identity.csproj", "{70647B84-DDEE-4418-A470-5B0F86FAA40A}"
EndProject
Global
	GlobalSection(SolutionConfigurationPlatforms) = preSolution
		Debug|Any CPU = Debug|Any CPU
		Release|Any CPU = Release|Any CPU
	EndGlobalSection
	GlobalSection(ProjectConfigurationPlatforms) = postSolution
		{D0E064E1-E264-4EFD-896F-11A392C3DE9E}.Debug|Any CPU.ActiveCfg = Debug|Any CPU
		{D0E064E1-E264-4EFD-896F-11A392C3DE9E}.Debug|Any CPU.Build.0 = Debug|Any CPU
		{D0E064E1-E264-4EFD-896F-11A392C3DE9E}.Release|Any CPU.ActiveCfg = Release|Any CPU
		{D0E064E1-E264-4EFD-896F-11A392C3DE9E}.Release|Any CPU.Build.0 = Release|Any CPU
		{BDA86116-FE83-46D4-83D7-49CC2EC7591F}.Debug|Any CPU.ActiveCfg = Debug|Any CPU
		{BDA86116-FE83-46D4-83D7-49CC2EC7591F}.Debug|Any CPU.Build.0 = Debug|Any CPU
		{BDA86116-FE83-46D4-83D7-49CC2EC7591F}.Release|Any CPU.ActiveCfg = Release|Any CPU
		{BDA86116-FE83-46D4-83D7-49CC2EC7591F}.Release|Any CPU.Build.0 = Release|Any CPU
		{65BF5AA8-0879-486F-8F48-11CB717DE861}.Debug|Any CPU.ActiveCfg = Debug|Any CPU
		{65BF5AA8-0879-486F-8F48-11CB717DE861}.Debug|Any CPU.Build.0 = Debug|Any CPU
		{65BF5AA8-0879-486F-8F48-11CB717DE861}.Release|Any CPU.ActiveCfg = Release|Any CPU
		{65BF5AA8-0879-486F-8F48-11CB717DE861}.Release|Any CPU.Build.0 = Release|Any CPU
		{59739F63-89D4-4BA3-BFAD-87D1F4AD9E2B}.Debug|Any CPU.ActiveCfg = Debug|Any CPU
		{59739F63-89D4-4BA3-BFAD-87D1F4AD9E2B}.Debug|Any CPU.Build.0 = Debug|Any CPU
		{59739F63-89D4-4BA3-BFAD-87D1F4AD9E2B}.Release|Any CPU.ActiveCfg = Release|Any CPU
		{59739F63-89D4-4BA3-BFAD-87D1F4AD9E2B}.Release|Any CPU.Build.0 = Release|Any CPU
		{70647B84-DDEE-4418-A470-5B0F86FAA40A}.Debug|Any CPU.ActiveCfg = Debug|Any CPU
		{70647B84-DDEE-4418-A470-5B0F86FAA40A}.Debug|Any CPU.Build.0 = Debug|Any CPU
		{70647B84-DDEE-4418-A470-5B0F86FAA40A}.Release|Any CPU.ActiveCfg = Release|Any CPU
		{70647B84-DDEE-4418-A470-5B0F86FAA40A}.Release|Any CPU.Build.0 = Release|Any CPU
	EndGlobalSection
	GlobalSection(SolutionProperties) = preSolution
		HideSolutionNode = FALSE
	EndGlobalSection
	GlobalSection(NestedProjects) = preSolution
		{D0E064E1-E264-4EFD-896F-11A392C3DE9E} = {C4F44953-5B42-46C8-9977-C5708EA5174C}
		{BDA86116-FE83-46D4-83D7-49CC2EC7591F} = {078DB38C-E557-431A-B5A2-C05F96663D17}
		{65BF5AA8-0879-486F-8F48-11CB717DE861} = {1A0060F3-126B-4369-83AE-E9C3BBA8E6A8}
		{59739F63-89D4-4BA3-BFAD-87D1F4AD9E2B} = {1A0060F3-126B-4369-83AE-E9C3BBA8E6A8}
		{70647B84-DDEE-4418-A470-5B0F86FAA40A} = {C4F44953-5B42-46C8-9977-C5708EA5174C}
	EndGlobalSection
	GlobalSection(ExtensibilityGlobals) = postSolution
		SolutionGuid = {644919F6-BA34-4E64-8F4D-03FE3E8AF8D6}
	EndGlobalSection
EndGlobal
